<?xml version="1.0" encoding="utf-8"?>
<Project ToolsVersion="4.0" xmlns="http://schemas.microsoft.com/developer/msbuild/2003">
  <ItemGroup>
    <ClCompile Include="Framework\Main_Windows.cpp">
      <Filter>Framework</Filter>
    </ClCompile>
    <ClCompile Include="Game\Game.cpp">
      <Filter>Game</Filter>
    </ClCompile>
    <ClCompile Include="Game\WindowsApplication.cpp">
      <Filter>Game</Filter>
    </ClCompile>
    <ClCompile Include="Game\SInput.cpp">
      <Filter>Systems</Filter>
    </ClCompile>
    <ClCompile Include="Game\SMovement.cpp">
      <Filter>Systems</Filter>
    </ClCompile>
    <ClCompile Include="Game\SRenderEntities.cpp">
      <Filter>Systems</Filter>
    </ClCompile>
    <ClCompile Include="Game\CCamera.cpp">
      <Filter>Components</Filter>
    </ClCompile>
    <ClCompile Include="Game\CCollision.cpp">
      <Filter>Components</Filter>
    </ClCompile>
    <ClCompile Include="Game\CMovement.cpp">
      <Filter>Components</Filter>
    </ClCompile>
    <ClCompile Include="Game\CPlayerController.cpp">
      <Filter>Components</Filter>
    </ClCompile>
    <ClCompile Include="Game\CRender.cpp">
      <Filter>Components</Filter>
    </ClCompile>
    <ClCompile Include="Game\SCopyTransform.cpp">
      <Filter>Systems</Filter>
    </ClCompile>
    <ClCompile Include="Game\SRenderWorld.cpp">
      <Filter>Systems</Filter>
    </ClCompile>
    <ClCompile Include="Game\SCamera.cpp">
      <Filter>Systems</Filter>
    </ClCompile>
    <ClCompile Include="Game\SCollision.cpp">
      <Filter>Systems</Filter>
    </ClCompile>
    <ClCompile Include="Game\SEntityFactory.cpp">
      <Filter>Systems</Filter>
    </ClCompile>
    <ClCompile Include="Game\EntityDef.cpp">
      <Filter>Definitions</Filter>
    </ClCompile>
    <ClCompile Include="Game\TileDef.cpp">
      <Filter>Definitions</Filter>
    </ClCompile>
    <ClCompile Include="Game\SWorld.cpp">
      <Filter>Systems</Filter>
    </ClCompile>
    <ClCompile Include="Game\SLoadChunks.cpp">
      <Filter>Systems</Filter>
    </ClCompile>
    <ClCompile Include="Game\SCWorld.cpp">
      <Filter>Singletons</Filter>
    </ClCompile>
    <ClCompile Include="Game\SInitView.cpp">
      <Filter>Systems</Filter>
    </ClCompile>
    <ClCompile Include="Game\SRemoveChunks.cpp">
      <Filter>Systems</Filter>
    </ClCompile>
    <ClCompile Include="Game\SDebugRender.cpp">
      <Filter>Systems</Filter>
    </ClCompile>
    <ClCompile Include="Game\SFlowField.cpp">
      <Filter>Systems</Filter>
    </ClCompile>
    <ClCompile Include="Game\SCFlowField.cpp">
      <Filter>Singletons</Filter>
    </ClCompile>
    <ClCompile Include="Game\FlowFieldChunk.cpp">
      <Filter>Game\FlowField</Filter>
    </ClCompile>
    <ClCompile Include="Game\FlowGenerationCoords.cpp">
      <Filter>Game\FlowField</Filter>
    </ClCompile>
    <ClCompile Include="Game\FlowField.cpp">
      <Filter>Game\FlowField</Filter>
    </ClCompile>
    <ClCompile Include="Game\Chunk.cpp">
      <Filter>Game\World</Filter>
    </ClCompile>
    <ClCompile Include="Game\WorldRaycast.cpp">
      <Filter>Game\World</Filter>
    </ClCompile>
    <ClCompile Include="Game\WorldCoords.cpp">
      <Filter>Game\World</Filter>
    </ClCompile>
    <ClCompile Include="Game\SWorldCollision.cpp">
      <Filter>Systems</Filter>
    </ClCompile>
    <ClCompile Include="Game\SPhysics.cpp">
      <Filter>Systems</Filter>
    </ClCompile>
  </ItemGroup>
  <ItemGroup>
    <ClInclude Include="Framework\EngineBuildPreferences.h">
      <Filter>Framework</Filter>
    </ClInclude>
    <ClInclude Include="Game\Game.h">
      <Filter>Game</Filter>
    </ClInclude>
    <ClInclude Include="Game\GameCommon.h">
      <Filter>Game</Filter>
    </ClInclude>
    <ClInclude Include="Game\WindowsApplication.h">
      <Filter>Game</Filter>
    </ClInclude>
    <ClInclude Include="Game\SRenderEntities.h">
      <Filter>Systems</Filter>
    </ClInclude>
    <ClInclude Include="Game\SInput.h">
      <Filter>Systems</Filter>
    </ClInclude>
    <ClInclude Include="Game\SMovement.h">
      <Filter>Systems</Filter>
    </ClInclude>
    <ClInclude Include="Game\CCamera.h">
      <Filter>Components</Filter>
    </ClInclude>
    <ClInclude Include="Game\CCollision.h">
      <Filter>Components</Filter>
    </ClInclude>
    <ClInclude Include="Game\CMovement.h">
      <Filter>Components</Filter>
    </ClInclude>
    <ClInclude Include="Game\CPlayerController.h">
      <Filter>Components</Filter>
    </ClInclude>
    <ClInclude Include="Game\CRender.h">
      <Filter>Components</Filter>
    </ClInclude>
    <ClInclude Include="Game\CTransform.h">
      <Filter>Components</Filter>
    </ClInclude>
    <ClInclude Include="Game\AllSystems.h">
      <Filter>Systems</Filter>
    </ClInclude>
    <ClInclude Include="Game\SCopyTransform.h">
      <Filter>Systems</Filter>
    </ClInclude>
    <ClInclude Include="Game\SRenderWorld.h">
      <Filter>Systems</Filter>
    </ClInclude>
    <ClInclude Include="Game\SCollision.h">
      <Filter>Systems</Filter>
    </ClInclude>
    <ClInclude Include="Game\SCamera.h">
      <Filter>Systems</Filter>
    </ClInclude>
    <ClInclude Include="Game\SEntityFactory.h">
      <Filter>Systems</Filter>
    </ClInclude>
    <ClInclude Include="Game\SCEntityFactory.h">
      <Filter>Singletons</Filter>
    </ClInclude>
    <ClInclude Include="Game\EntityDef.h">
      <Filter>Definitions</Filter>
    </ClInclude>
    <ClInclude Include="Game\TileDef.h">
      <Filter>Definitions</Filter>
    </ClInclude>
    <ClInclude Include="Game\SCWorld.h">
      <Filter>Singletons</Filter>
    </ClInclude>
    <ClInclude Include="Game\SWorld.h">
      <Filter>Systems</Filter>
    </ClInclude>
    <ClInclude Include="Game\SCDebug.h">
      <Filter>Singletons</Filter>
    </ClInclude>
    <ClInclude Include="Game\SLoadChunks.h">
      <Filter>Systems</Filter>
    </ClInclude>
    <ClInclude Include="Game\SInitView.h">
      <Filter>Systems</Filter>
    </ClInclude>
    <ClInclude Include="Game\SRemoveChunks.h">
      <Filter>Systems</Filter>
    </ClInclude>
    <ClInclude Include="Game\SDebugRender.h">
      <Filter>Systems</Filter>
    </ClInclude>
    <ClInclude Include="Game\SFlowField.h">
      <Filter>Systems</Filter>
    </ClInclude>
    <ClInclude Include="Game\SCFlowField.h">
      <Filter>Singletons</Filter>
    </ClInclude>
    <ClInclude Include="Game\AllComponents.h">
      <Filter>Components</Filter>
    </ClInclude>
    <ClInclude Include="Game\FlowFieldChunk.h">
      <Filter>Game\FlowField</Filter>
    </ClInclude>
    <ClInclude Include="Game\FlowGenerationCoords.h">
      <Filter>Game\FlowField</Filter>
    </ClInclude>
    <ClInclude Include="Game\FlowField.h">
      <Filter>Game\FlowField</Filter>
    </ClInclude>
    <ClInclude Include="Game\Chunk.h">
      <Filter>Game\World</Filter>
    </ClInclude>
    <ClInclude Include="Game\WorldRaycast.h">
      <Filter>Game\World</Filter>
    </ClInclude>
    <ClInclude Include="Game\WorldSettings.h">
      <Filter>Game\World</Filter>
    </ClInclude>
    <ClInclude Include="Game\WorldCoords.h">
      <Filter>Game\World</Filter>
    </ClInclude>
    <ClInclude Include="Game\SWorldCollision.h">
      <Filter>Systems</Filter>
    </ClInclude>
    <ClInclude Include="Game\SPhysics.h">
      <Filter>Systems</Filter>
    </ClInclude>
    <ClInclude Include="Game\SCRender.h">
      <Filter>Singletons</Filter>
    </ClInclude>
  </ItemGroup>
  <ItemGroup>
    <Filter Include="Framework">
      <UniqueIdentifier>{e8c71141-5bb4-4ec3-a422-14ab30c8ff89}</UniqueIdentifier>
    </Filter>
    <Filter Include="Game">
      <UniqueIdentifier>{6c46eb85-7209-4657-98f4-0f55a327cad0}</UniqueIdentifier>
    </Filter>
    <Filter Include="Components">
      <UniqueIdentifier>{7072960a-5034-4920-a325-a519d3340ab7}</UniqueIdentifier>
    </Filter>
    <Filter Include="Systems">
      <UniqueIdentifier>{84232929-3a96-485a-93da-e45214eddc50}</UniqueIdentifier>
    </Filter>
    <Filter Include="Data">
      <UniqueIdentifier>{3be9bf36-aec5-4d30-bfd8-84a52a6b67b8}</UniqueIdentifier>
    </Filter>
    <Filter Include="Singletons">
      <UniqueIdentifier>{c89d6add-ec65-4452-92b1-911569480227}</UniqueIdentifier>
    </Filter>
    <Filter Include="Definitions">
      <UniqueIdentifier>{62ba0adb-68f9-4153-bce2-71dc00fc7f3c}</UniqueIdentifier>
    </Filter>
    <Filter Include="Game\FlowField">
      <UniqueIdentifier>{5173e0f0-f779-4703-814e-5351ad9e0663}</UniqueIdentifier>
    </Filter>
    <Filter Include="Game\World">
      <UniqueIdentifier>{f3245d75-7210-4e1c-b305-d73cfed64571}</UniqueIdentifier>
    </Filter>
  </ItemGroup>
  <ItemGroup>
    <Xml Include="..\..\Run\Data\Definitions\EntityDefs.xml">
      <Filter>Data</Filter>
    </Xml>
    <Xml Include="..\..\Run\Data\Definitions\TileDefs.xml">
      <Filter>Data</Filter>
    </Xml>
  </ItemGroup>
</Project>