<?xml version="1.0" encoding="utf-8"?>
<Project ToolsVersion="4.0" xmlns="http://schemas.microsoft.com/developer/msbuild/2003">
  <ItemGroup>
    <ClCompile Include="Game\Game.cpp">
      <Filter>Game</Filter>
    </ClCompile>
    <ClCompile Include="Game\CCamera.cpp">
      <Filter>ECS\Components</Filter>
    </ClCompile>
    <ClCompile Include="Game\CCollision.cpp">
      <Filter>ECS\Components</Filter>
    </ClCompile>
    <ClCompile Include="Game\CMovement.cpp">
      <Filter>ECS\Components</Filter>
    </ClCompile>
    <ClCompile Include="Game\CPlayerController.cpp">
      <Filter>ECS\Components</Filter>
    </ClCompile>
    <ClCompile Include="Game\CRender.cpp">
      <Filter>ECS\Components</Filter>
    </ClCompile>
    <ClCompile Include="Game\SEntityFactory.cpp">
      <Filter>ECS\Systems</Filter>
    </ClCompile>
    <ClCompile Include="Game\EntityDef.cpp">
      <Filter>Definitions</Filter>
    </ClCompile>
    <ClCompile Include="Game\TileDef.cpp">
      <Filter>Definitions</Filter>
    </ClCompile>
    <ClCompile Include="Game\SCWorld.cpp">
      <Filter>ECS\Singletons</Filter>
    </ClCompile>
    <ClCompile Include="Game\FlowFieldChunk.cpp">
      <Filter>Game\FlowField</Filter>
    </ClCompile>
    <ClCompile Include="Game\FlowGenerationCoords.cpp">
      <Filter>Game\FlowField</Filter>
    </ClCompile>
    <ClCompile Include="Game\FlowField.cpp">
      <Filter>Game\FlowField</Filter>
    </ClCompile>
    <ClCompile Include="Game\Chunk.cpp">
      <Filter>Game\World</Filter>
    </ClCompile>
    <ClCompile Include="Game\WorldRaycast.cpp">
      <Filter>Game\World</Filter>
    </ClCompile>
    <ClCompile Include="Game\WorldCoords.cpp">
      <Filter>Game\World</Filter>
    </ClCompile>
    <ClCompile Include="Framework\Windows\Main_Windows.cpp">
      <Filter>Framework\Windows</Filter>
    </ClCompile>
    <ClCompile Include="Framework\WASM\main.cpp">
      <Filter>Framework\WASM</Filter>
    </ClCompile>
    <ClCompile Include="Framework\Application.cpp">
      <Filter>Framework</Filter>
    </ClCompile>
    <ClCompile Include="Framework\WASM\WebApplication.cpp">
      <Filter>Framework\WASM</Filter>
    </ClCompile>
    <ClCompile Include="Game\CAnimation.cpp">
      <Filter>ECS\Components</Filter>
    </ClCompile>
    <ClCompile Include="Game\CAbility.cpp">
      <Filter>ECS\Components</Filter>
    </ClCompile>
    <ClCompile Include="Game\SCCollision.cpp">
      <Filter>ECS\Singletons</Filter>
    </ClCompile>
    <ClCompile Include="Game\SpriteShaderCPU.cpp">
      <Filter>Data\Shaders</Filter>
    </ClCompile>
    <ClCompile Include="Game\SRenderEntities.cpp">
      <Filter>ECS\Systems\Rendering</Filter>
    </ClCompile>
    <ClCompile Include="Game\SRenderWorld.cpp">
      <Filter>ECS\Systems\Rendering</Filter>
    </ClCompile>
    <ClCompile Include="Game\SBackgroundMusic.cpp">
      <Filter>ECS\Systems\Audio</Filter>
    </ClCompile>
    <ClCompile Include="Game\SAIController.cpp">
      <Filter>ECS\Systems\AI</Filter>
    </ClCompile>
    <ClCompile Include="Game\SCollision.cpp">
      <Filter>ECS\Systems\Collision</Filter>
    </ClCompile>
    <ClCompile Include="Game\SCollisionHash.cpp">
      <Filter>ECS\Systems\Collision</Filter>
    </ClCompile>
    <ClCompile Include="Game\SWorldCollision.cpp">
      <Filter>ECS\Systems\Collision</Filter>
    </ClCompile>
    <ClCompile Include="Game\SWorld.cpp">
      <Filter>ECS\Systems\World</Filter>
    </ClCompile>
    <ClCompile Include="Game\SUnloadChunks.cpp">
      <Filter>ECS\Systems\World</Filter>
    </ClCompile>
    <ClCompile Include="Game\SLoadChunks.cpp">
      <Filter>ECS\Systems\World</Filter>
    </ClCompile>
    <ClCompile Include="Game\SPhysics.cpp">
      <Filter>ECS\Systems\Gameplay</Filter>
    </ClCompile>
    <ClCompile Include="Game\SMovement.cpp">
      <Filter>ECS\Systems\Gameplay</Filter>
    </ClCompile>
    <ClCompile Include="Game\SHealth.cpp">
      <Filter>ECS\Systems\Gameplay</Filter>
    </ClCompile>
    <ClCompile Include="Game\SAnimation.cpp">
      <Filter>ECS\Systems\Rendering</Filter>
    </ClCompile>
    <ClCompile Include="Game\SCamera.cpp">
      <Filter>ECS\Systems\Rendering</Filter>
    </ClCompile>
    <ClCompile Include="Game\SCopyTransform.cpp">
      <Filter>ECS\Systems\Rendering</Filter>
    </ClCompile>
    <ClCompile Include="Game\SAbility.cpp">
      <Filter>ECS\Systems\Gameplay</Filter>
    </ClCompile>
    <ClCompile Include="Game\SFlowField.cpp">
      <Filter>ECS\Systems\Gameplay</Filter>
    </ClCompile>
    <ClCompile Include="Game\SInitView.cpp">
      <Filter>ECS\Systems\Rendering</Filter>
    </ClCompile>
    <ClCompile Include="Game\SInput.cpp">
      <Filter>ECS\Systems\Input</Filter>
    </ClCompile>
    <ClCompile Include="Game\TileGeneratedData.cpp">
      <Filter>Game\World</Filter>
    </ClCompile>
    <ClCompile Include="Game\STime.cpp">
      <Filter>ECS\Systems\World</Filter>
    </ClCompile>
    <ClCompile Include="Game\SDebugRender.cpp">
      <Filter>ECS\Systems\Debug</Filter>
    </ClCompile>
    <ClCompile Include="Game\SDebugCommands.cpp">
      <Filter>ECS\Systems\Debug</Filter>
    </ClCompile>
    <ClCompile Include="Game\SDebugInput.cpp">
      <Filter>ECS\Systems\Debug</Filter>
    </ClCompile>
    <ClCompile Include="Game\TimeOfDay.cpp">
      <Filter>Game\World</Filter>
    </ClCompile>
    <ClCompile Include="Game\Tile.cpp">
      <Filter>Game\World</Filter>
    </ClCompile>
    <ClCompile Include="Game\SLighting.cpp">
      <Filter>ECS\Systems\Rendering</Filter>
    </ClCompile>
  </ItemGroup>
  <ItemGroup>
    <ClInclude Include="Framework\EngineBuildPreferences.h">
      <Filter>Framework</Filter>
    </ClInclude>
    <ClInclude Include="Game\Game.h">
      <Filter>Game</Filter>
    </ClInclude>
    <ClInclude Include="Game\GameCommon.h">
      <Filter>Game</Filter>
    </ClInclude>
    <ClInclude Include="Game\CCamera.h">
      <Filter>ECS\Components</Filter>
    </ClInclude>
    <ClInclude Include="Game\CCollision.h">
      <Filter>ECS\Components</Filter>
    </ClInclude>
    <ClInclude Include="Game\CMovement.h">
      <Filter>ECS\Components</Filter>
    </ClInclude>
    <ClInclude Include="Game\CPlayerController.h">
      <Filter>ECS\Components</Filter>
    </ClInclude>
    <ClInclude Include="Game\CRender.h">
      <Filter>ECS\Components</Filter>
    </ClInclude>
    <ClInclude Include="Game\CTransform.h">
      <Filter>ECS\Components</Filter>
    </ClInclude>
    <ClInclude Include="Game\AllSystems.h">
      <Filter>ECS\Systems</Filter>
    </ClInclude>
    <ClInclude Include="Game\SEntityFactory.h">
      <Filter>ECS\Systems</Filter>
    </ClInclude>
    <ClInclude Include="Game\SCEntityFactory.h">
      <Filter>ECS\Singletons</Filter>
    </ClInclude>
    <ClInclude Include="Game\EntityDef.h">
      <Filter>Definitions</Filter>
    </ClInclude>
    <ClInclude Include="Game\TileDef.h">
      <Filter>Definitions</Filter>
    </ClInclude>
    <ClInclude Include="Game\SCWorld.h">
      <Filter>ECS\Singletons</Filter>
    </ClInclude>
    <ClInclude Include="Game\SCDebug.h">
      <Filter>ECS\Singletons</Filter>
    </ClInclude>
    <ClInclude Include="Game\SCFlowField.h">
      <Filter>ECS\Singletons</Filter>
    </ClInclude>
    <ClInclude Include="Game\AllComponents.h">
      <Filter>ECS\Components</Filter>
    </ClInclude>
    <ClInclude Include="Game\FlowFieldChunk.h">
      <Filter>Game\FlowField</Filter>
    </ClInclude>
    <ClInclude Include="Game\FlowGenerationCoords.h">
      <Filter>Game\FlowField</Filter>
    </ClInclude>
    <ClInclude Include="Game\FlowField.h">
      <Filter>Game\FlowField</Filter>
    </ClInclude>
    <ClInclude Include="Game\Chunk.h">
      <Filter>Game\World</Filter>
    </ClInclude>
    <ClInclude Include="Game\WorldRaycast.h">
      <Filter>Game\World</Filter>
    </ClInclude>
    <ClInclude Include="Game\WorldSettings.h">
      <Filter>Game\World</Filter>
    </ClInclude>
    <ClInclude Include="Game\WorldCoords.h">
      <Filter>Game\World</Filter>
    </ClInclude>
    <ClInclude Include="Game\SCRender.h">
      <Filter>ECS\Singletons</Filter>
    </ClInclude>
    <ClInclude Include="Game\SCLoadChunks.h">
      <Filter>ECS\Singletons</Filter>
    </ClInclude>
    <ClInclude Include="Game\SCAudio.h">
      <Filter>ECS\Singletons</Filter>
    </ClInclude>
    <ClInclude Include="Game\AllSingletonComponents.h">
      <Filter>ECS\Singletons</Filter>
    </ClInclude>
    <ClInclude Include="Framework\Application.h">
      <Filter>Framework</Filter>
    </ClInclude>
    <ClInclude Include="Framework\WASM\WebApplication.h">
      <Filter>Framework\WASM</Filter>
    </ClInclude>
    <ClInclude Include="Game\CAnimation.h">
      <Filter>ECS\Components</Filter>
    </ClInclude>
    <ClInclude Include="Game\CAbility.h">
      <Filter>ECS\Components</Filter>
    </ClInclude>
    <ClInclude Include="Game\SCCollision.h">
      <Filter>ECS\Singletons</Filter>
    </ClInclude>
    <ClInclude Include="Game\CAIController.h">
      <Filter>ECS\Components</Filter>
    </ClInclude>
    <ClInclude Include="Game\SpriteShaderCPU.h">
      <Filter>Data\Shaders</Filter>
    </ClInclude>
    <ClInclude Include="Game\SRenderEntities.h">
      <Filter>ECS\Systems\Rendering</Filter>
    </ClInclude>
    <ClInclude Include="Game\SRenderWorld.h">
      <Filter>ECS\Systems\Rendering</Filter>
    </ClInclude>
    <ClInclude Include="Game\SBackgroundMusic.h">
      <Filter>ECS\Systems\Audio</Filter>
    </ClInclude>
    <ClInclude Include="Game\SAIController.h">
      <Filter>ECS\Systems\AI</Filter>
    </ClInclude>
    <ClInclude Include="Game\SCollision.h">
      <Filter>ECS\Systems\Collision</Filter>
    </ClInclude>
    <ClInclude Include="Game\SCollisionHash.h">
      <Filter>ECS\Systems\Collision</Filter>
    </ClInclude>
    <ClInclude Include="Game\SWorldCollision.h">
      <Filter>ECS\Systems\Collision</Filter>
    </ClInclude>
    <ClInclude Include="Game\SWorld.h">
      <Filter>ECS\Systems\World</Filter>
    </ClInclude>
    <ClInclude Include="Game\SUnloadChunks.h">
      <Filter>ECS\Systems\World</Filter>
    </ClInclude>
    <ClInclude Include="Game\SLoadChunks.h">
      <Filter>ECS\Systems\World</Filter>
    </ClInclude>
    <ClInclude Include="Game\SPhysics.h">
      <Filter>ECS\Systems\Gameplay</Filter>
    </ClInclude>
    <ClInclude Include="Game\SMovement.h">
      <Filter>ECS\Systems\Gameplay</Filter>
    </ClInclude>
    <ClInclude Include="Game\SHealth.h">
      <Filter>ECS\Systems\Gameplay</Filter>
    </ClInclude>
    <ClInclude Include="Game\SAnimation.h">
      <Filter>ECS\Systems\Rendering</Filter>
    </ClInclude>
    <ClInclude Include="Game\SCamera.h">
      <Filter>ECS\Systems\Rendering</Filter>
    </ClInclude>
    <ClInclude Include="Game\SCopyTransform.h">
      <Filter>ECS\Systems\Rendering</Filter>
    </ClInclude>
    <ClInclude Include="Game\SAbility.h">
      <Filter>ECS\Systems\Gameplay</Filter>
    </ClInclude>
    <ClInclude Include="Game\SFlowField.h">
      <Filter>ECS\Systems\Gameplay</Filter>
    </ClInclude>
    <ClInclude Include="Game\SInitView.h">
      <Filter>ECS\Systems\Rendering</Filter>
    </ClInclude>
    <ClInclude Include="Game\SInput.h">
      <Filter>ECS\Systems\Input</Filter>
    </ClInclude>
    <ClInclude Include="Game\SpawnInfo.h">
      <Filter>Game\World</Filter>
    </ClInclude>
    <ClInclude Include="Game\TileGeneratedData.h">
      <Filter>Game\World</Filter>
    </ClInclude>
    <ClInclude Include="Game\SCTime.h">
      <Filter>ECS\Singletons</Filter>
    </ClInclude>
    <ClInclude Include="Game\STime.h">
      <Filter>ECS\Systems\World</Filter>
    </ClInclude>
    <ClInclude Include="Game\CTime.h">
      <Filter>ECS\Components</Filter>
    </ClInclude>
    <ClInclude Include="Game\SDebugRender.h">
      <Filter>ECS\Systems\Debug</Filter>
    </ClInclude>
    <ClInclude Include="Game\SDebugCommands.h">
      <Filter>ECS\Systems\Debug</Filter>
    </ClInclude>
    <ClInclude Include="Game\SDebugInput.h">
      <Filter>ECS\Systems\Debug</Filter>
    </ClInclude>
    <ClInclude Include="Game\TimeOfDay.h">
      <Filter>Game\World</Filter>
    </ClInclude>
    <ClInclude Include="Game\Tile.h">
      <Filter>Game\World</Filter>
    </ClInclude>
    <ClInclude Include="Game\SLighting.h">
      <Filter>ECS\Systems\Rendering</Filter>
    </ClInclude>
  </ItemGroup>
  <ItemGroup>
    <Filter Include="Framework">
      <UniqueIdentifier>{e8c71141-5bb4-4ec3-a422-14ab30c8ff89}</UniqueIdentifier>
    </Filter>
    <Filter Include="Game">
      <UniqueIdentifier>{6c46eb85-7209-4657-98f4-0f55a327cad0}</UniqueIdentifier>
    </Filter>
    <Filter Include="Data">
      <UniqueIdentifier>{3be9bf36-aec5-4d30-bfd8-84a52a6b67b8}</UniqueIdentifier>
    </Filter>
    <Filter Include="Definitions">
      <UniqueIdentifier>{62ba0adb-68f9-4153-bce2-71dc00fc7f3c}</UniqueIdentifier>
    </Filter>
    <Filter Include="Game\FlowField">
      <UniqueIdentifier>{5173e0f0-f779-4703-814e-5351ad9e0663}</UniqueIdentifier>
    </Filter>
    <Filter Include="Game\World">
      <UniqueIdentifier>{f3245d75-7210-4e1c-b305-d73cfed64571}</UniqueIdentifier>
    </Filter>
    <Filter Include="Framework\Windows">
      <UniqueIdentifier>{84961ddb-9242-48fe-ac7f-91b26e27a909}</UniqueIdentifier>
    </Filter>
    <Filter Include="Framework\WASM">
      <UniqueIdentifier>{ed0a3a35-08b9-4055-be04-f4fb2763f308}</UniqueIdentifier>
    </Filter>
    <Filter Include="Data\SpriteSheets">
      <UniqueIdentifier>{b1cb5cbc-a551-4ab7-84a9-2df4d15d2781}</UniqueIdentifier>
    </Filter>
    <Filter Include="Data\Shaders">
      <UniqueIdentifier>{aa8d2c65-24c6-4c90-a139-a7e0a9058556}</UniqueIdentifier>
    </Filter>
    <Filter Include="ECS">
      <UniqueIdentifier>{ab3984d2-11cf-480d-8eab-46e75af74661}</UniqueIdentifier>
    </Filter>
    <Filter Include="ECS\Singletons">
      <UniqueIdentifier>{c89d6add-ec65-4452-92b1-911569480227}</UniqueIdentifier>
    </Filter>
    <Filter Include="ECS\Systems">
      <UniqueIdentifier>{84232929-3a96-485a-93da-e45214eddc50}</UniqueIdentifier>
    </Filter>
    <Filter Include="ECS\Systems\Rendering">
      <UniqueIdentifier>{fb509ae0-b651-4cdb-aec5-694651657c7d}</UniqueIdentifier>
    </Filter>
    <Filter Include="ECS\Systems\Audio">
      <UniqueIdentifier>{bc2b70eb-fe60-4d6c-953d-7a522822655f}</UniqueIdentifier>
    </Filter>
    <Filter Include="ECS\Systems\AI">
      <UniqueIdentifier>{da6d99f2-e291-4972-836a-1dd3c2af137a}</UniqueIdentifier>
    </Filter>
    <Filter Include="ECS\Systems\Collision">
      <UniqueIdentifier>{570df623-a403-4192-9cf5-addefa253bbe}</UniqueIdentifier>
    </Filter>
    <Filter Include="ECS\Systems\Gameplay">
      <UniqueIdentifier>{ab512c5e-0022-4036-80a2-af38df03f723}</UniqueIdentifier>
    </Filter>
    <Filter Include="ECS\Systems\World">
      <UniqueIdentifier>{9e8e9349-25e1-43b8-932e-c0fe828f75c6}</UniqueIdentifier>
    </Filter>
    <Filter Include="ECS\Systems\Input">
      <UniqueIdentifier>{f599136e-4601-422f-972d-1c7fbb05716d}</UniqueIdentifier>
    </Filter>
    <Filter Include="ECS\Components">
      <UniqueIdentifier>{7072960a-5034-4920-a325-a519d3340ab7}</UniqueIdentifier>
    </Filter>
    <Filter Include="ECS\Systems\Debug">
      <UniqueIdentifier>{085367d3-f4e8-4e18-811c-71e0eebfc4d6}</UniqueIdentifier>
    </Filter>
  </ItemGroup>
  <ItemGroup>
    <Xml Include="..\..\Run\Data\Definitions\EntityDefs.xml">
      <Filter>Data</Filter>
    </Xml>
    <Xml Include="..\..\Run\Data\Definitions\TileDefs.xml">
      <Filter>Data</Filter>
    </Xml>
    <Xml Include="..\..\Run\Data\SpriteSheets\Zombie.xml">
      <Filter>Data\SpriteSheets</Filter>
    </Xml>
    <Xml Include="..\..\Run\Data\SpriteSheets\Zombie2.xml">
      <Filter>Data\SpriteSheets</Filter>
    </Xml>
    <Xml Include="..\..\Run\Data\SpriteSheets\Terrain.xml">
      <Filter>Data\SpriteSheets</Filter>
    </Xml>
    <Xml Include="..\..\Run\Data\SpriteSheets\Marine-Gauss.xml">
      <Filter>Data\SpriteSheets</Filter>
    </Xml>
    <Xml Include="..\..\Run\Data\Shaders\SpriteShader.xml">
      <Filter>Data\Shaders</Filter>
    </Xml>
    <Xml Include="..\..\Run\Data\SpriteSheets\Tree1.xml">
      <Filter>Data\SpriteSheets</Filter>
    </Xml>
  </ItemGroup>
  <ItemGroup>
    <FxCompile Include="..\..\Run\Data\Shaders\SpriteShader.hlsl">
      <Filter>Data\Shaders</Filter>
    </FxCompile>
  </ItemGroup>
</Project>