<?xml version="1.0" encoding="utf-8"?>
<Project ToolsVersion="4.0" xmlns="http://schemas.microsoft.com/developer/msbuild/2003">
  <ItemGroup>
    <ClCompile Include="CCamera.cpp">
      <Filter>Components</Filter>
    </ClCompile>
    <ClCompile Include="CCollision.cpp">
      <Filter>Components</Filter>
    </ClCompile>
    <ClCompile Include="CMovement.cpp">
      <Filter>Components</Filter>
    </ClCompile>
    <ClCompile Include="CPhysics.cpp">
      <Filter>Components</Filter>
    </ClCompile>
    <ClCompile Include="CPlayerController.cpp">
      <Filter>Components</Filter>
    </ClCompile>
    <ClCompile Include="CRender.cpp">
      <Filter>Components</Filter>
    </ClCompile>
    <ClCompile Include="CTransform.cpp">
      <Filter>Components</Filter>
    </ClCompile>
    <ClCompile Include="Game.cpp">
      <Filter>Game</Filter>
    </ClCompile>
    <ClCompile Include="Main_Windows.cpp">
      <Filter>Framework</Filter>
    </ClCompile>
    <ClCompile Include="SGravity.cpp">
      <Filter>Systems</Filter>
    </ClCompile>
    <ClCompile Include="SInput.cpp">
      <Filter>Systems</Filter>
    </ClCompile>
    <ClCompile Include="SMovement.cpp">
      <Filter>Systems</Filter>
    </ClCompile>
    <ClCompile Include="SPhysics.cpp">
      <Filter>Systems</Filter>
    </ClCompile>
    <ClCompile Include="SRender.cpp">
      <Filter>Systems</Filter>
    </ClCompile>
    <ClCompile Include="SRenderDebug.cpp">
      <Filter>Systems</Filter>
    </ClCompile>
    <ClCompile Include="SUniverse.cpp">
      <Filter>Systems</Filter>
    </ClCompile>
    <ClCompile Include="SBackgroundStar.cpp">
      <Filter>Systems</Filter>
    </ClCompile>
    <ClCompile Include="SCamera.cpp">
      <Filter>Systems</Filter>
    </ClCompile>
    <ClCompile Include="SCollision.cpp">
      <Filter>Systems</Filter>
    </ClCompile>
    <ClCompile Include="SDebugKeys.cpp">
      <Filter>Systems</Filter>
    </ClCompile>
    <ClCompile Include="SEntityFactory.cpp">
      <Filter>Systems</Filter>
    </ClCompile>
    <ClCompile Include="WindowsApplication.cpp">
      <Filter>Framework</Filter>
    </ClCompile>
    <ClCompile Include="EntityDef.cpp">
      <Filter>Data</Filter>
    </ClCompile>
    <ClCompile Include="SCDebug.cpp">
      <Filter>Singletons</Filter>
    </ClCompile>
    <ClCompile Include="SCEntityFactory.cpp">
      <Filter>Singletons</Filter>
    </ClCompile>
    <ClCompile Include="SCUniverse.cpp">
      <Filter>Singletons</Filter>
    </ClCompile>
    <ClCompile Include="SCRenderer.cpp">
      <Filter>Singletons</Filter>
    </ClCompile>
    <ClCompile Include="SCCollision.cpp">
      <Filter>Singletons</Filter>
    </ClCompile>
    <ClCompile Include="PlanetGenerator.cpp">
      <Filter>Game</Filter>
    </ClCompile>
  </ItemGroup>
  <ItemGroup>
    <ClInclude Include="AllComponents.h" />
    <ClInclude Include="AllSystems.h" />
    <ClInclude Include="CCamera.h">
      <Filter>Components</Filter>
    </ClInclude>
    <ClInclude Include="CCollision.h">
      <Filter>Components</Filter>
    </ClInclude>
    <ClInclude Include="CMovement.h">
      <Filter>Components</Filter>
    </ClInclude>
    <ClInclude Include="CPhysics.h">
      <Filter>Components</Filter>
    </ClInclude>
    <ClInclude Include="CPlayerController.h">
      <Filter>Components</Filter>
    </ClInclude>
    <ClInclude Include="CRender.h">
      <Filter>Components</Filter>
    </ClInclude>
    <ClInclude Include="CTransform.h">
      <Filter>Components</Filter>
    </ClInclude>
    <ClInclude Include="EngineBuildPreferences.h">
      <Filter>Framework</Filter>
    </ClInclude>
    <ClInclude Include="Game.h">
      <Filter>Game</Filter>
    </ClInclude>
    <ClInclude Include="GameCommon.h">
      <Filter>Game</Filter>
    </ClInclude>
    <ClInclude Include="PlanetGenerator.h">
      <Filter>Game</Filter>
    </ClInclude>
    <ClInclude Include="SEntityFactory.h">
      <Filter>Systems</Filter>
    </ClInclude>
    <ClInclude Include="SGravity.h">
      <Filter>Systems</Filter>
    </ClInclude>
    <ClInclude Include="SInput.h">
      <Filter>Systems</Filter>
    </ClInclude>
    <ClInclude Include="SMovement.h">
      <Filter>Systems</Filter>
    </ClInclude>
    <ClInclude Include="SPhysics.h">
      <Filter>Systems</Filter>
    </ClInclude>
    <ClInclude Include="SRender.h">
      <Filter>Systems</Filter>
    </ClInclude>
    <ClInclude Include="SRenderDebug.h">
      <Filter>Systems</Filter>
    </ClInclude>
    <ClInclude Include="SUniverse.h">
      <Filter>Systems</Filter>
    </ClInclude>
    <ClInclude Include="SBackgroundStar.h">
      <Filter>Systems</Filter>
    </ClInclude>
    <ClInclude Include="SCamera.h">
      <Filter>Systems</Filter>
    </ClInclude>
    <ClInclude Include="SCollision.h">
      <Filter>Systems</Filter>
    </ClInclude>
    <ClInclude Include="SDebugKeys.h">
      <Filter>Systems</Filter>
    </ClInclude>
    <ClInclude Include="WindowsApplication.h">
      <Filter>Framework</Filter>
    </ClInclude>
    <ClInclude Include="EntityDef.h">
      <Filter>Data</Filter>
    </ClInclude>
    <ClInclude Include="SCDebug.h">
      <Filter>Singletons</Filter>
    </ClInclude>
    <ClInclude Include="SCEntityFactory.h">
      <Filter>Singletons</Filter>
    </ClInclude>
    <ClInclude Include="SCUniverse.h">
      <Filter>Singletons</Filter>
    </ClInclude>
    <ClInclude Include="SCRenderer.h">
      <Filter>Singletons</Filter>
    </ClInclude>
    <ClInclude Include="SCCollision.h">
      <Filter>Singletons</Filter>
    </ClInclude>
  </ItemGroup>
  <ItemGroup>
    <Filter Include="Framework">
      <UniqueIdentifier>{e8c71141-5bb4-4ec3-a422-14ab30c8ff89}</UniqueIdentifier>
    </Filter>
    <Filter Include="Game">
      <UniqueIdentifier>{6c46eb85-7209-4657-98f4-0f55a327cad0}</UniqueIdentifier>
    </Filter>
    <Filter Include="Data">
      <UniqueIdentifier>{fa8a2708-afd2-4832-9900-ac54fcbcdf16}</UniqueIdentifier>
    </Filter>
    <Filter Include="Components">
      <UniqueIdentifier>{bbb7f16c-e27c-46fb-99d8-124aab27868d}</UniqueIdentifier>
    </Filter>
    <Filter Include="Singletons">
      <UniqueIdentifier>{072fda14-dc14-42af-94e1-622aa8399a09}</UniqueIdentifier>
    </Filter>
    <Filter Include="Systems">
      <UniqueIdentifier>{d01b1190-606d-4f42-b40e-2d805a8928ae}</UniqueIdentifier>
    </Filter>
  </ItemGroup>
  <ItemGroup>
    <Xml Include="..\..\Run\Data\Definitions\EntityDefs.xml">
      <Filter>Data</Filter>
    </Xml>
  </ItemGroup>
</Project>