<?xml version="1.0" encoding="utf-8"?>
<Project ToolsVersion="4.0" xmlns="http://schemas.microsoft.com/developer/msbuild/2003">
  <ItemGroup>
    <ClCompile Include="Multithreading\Job.cpp">
      <Filter>Multithreading</Filter>
    </ClCompile>
    <ClCompile Include="Multithreading\JobGraph.cpp">
      <Filter>Multithreading</Filter>
    </ClCompile>
    <ClCompile Include="Multithreading\JobID.cpp">
      <Filter>Multithreading</Filter>
    </ClCompile>
    <ClCompile Include="Multithreading\JobSystem.cpp">
      <Filter>Multithreading</Filter>
    </ClCompile>
    <ClCompile Include="Multithreading\JobWorker.cpp">
      <Filter>Multithreading</Filter>
    </ClCompile>
    <ClCompile Include="Core\Engine.cpp">
      <Filter>Core</Filter>
    </ClCompile>
    <ClCompile Include="Core\EngineSubsystem.cpp">
      <Filter>Core</Filter>
    </ClCompile>
    <ClCompile Include="Core\ErrorUtils.cpp">
      <Filter>Core</Filter>
    </ClCompile>
    <ClCompile Include="Core\FileUtils.cpp">
      <Filter>Core</Filter>
    </ClCompile>
    <ClCompile Include="Core\Image.cpp">
      <Filter>Core</Filter>
    </ClCompile>
    <ClCompile Include="Core\StringUtils.cpp">
      <Filter>Core</Filter>
    </ClCompile>
    <ClCompile Include="Core\Time.cpp">
      <Filter>Core</Filter>
    </ClCompile>
    <ClCompile Include="Renderer\Camera.cpp">
      <Filter>Renderer</Filter>
    </ClCompile>
    <ClCompile Include="Renderer\ConstantBuffer.cpp">
      <Filter>Renderer</Filter>
    </ClCompile>
    <ClCompile Include="Renderer\D3D11Utils.cpp">
      <Filter>Renderer</Filter>
    </ClCompile>
    <ClCompile Include="Renderer\EngineConstantBuffers.cpp">
      <Filter>Renderer</Filter>
    </ClCompile>
    <ClCompile Include="Renderer\Font.cpp">
      <Filter>Renderer</Filter>
    </ClCompile>
    <ClCompile Include="Renderer\Renderer.cpp">
      <Filter>Renderer</Filter>
    </ClCompile>
    <ClCompile Include="Renderer\Rgba8.cpp">
      <Filter>Renderer</Filter>
    </ClCompile>
    <ClCompile Include="Renderer\Shader.cpp">
      <Filter>Renderer</Filter>
    </ClCompile>
    <ClCompile Include="Renderer\Texture.cpp">
      <Filter>Renderer</Filter>
    </ClCompile>
    <ClCompile Include="Renderer\Vertex_PCU.cpp">
      <Filter>Renderer</Filter>
    </ClCompile>
    <ClCompile Include="Renderer\VertexBuffer.cpp">
      <Filter>Renderer</Filter>
    </ClCompile>
    <ClCompile Include="Renderer\VertexUtils.cpp">
      <Filter>Renderer</Filter>
    </ClCompile>
    <ClCompile Include="Renderer\Window.cpp">
      <Filter>Renderer</Filter>
    </ClCompile>
    <ClCompile Include="DataStructures\NamedProperties.cpp">
      <Filter>DataStructures</Filter>
    </ClCompile>
    <ClCompile Include="DataStructures\ThreadSafeQueue.cpp">
      <Filter>DataStructures</Filter>
    </ClCompile>
    <ClCompile Include="Events\EventDelegate.cpp">
      <Filter>Events</Filter>
    </ClCompile>
    <ClCompile Include="Events\EventSubscriber.cpp">
      <Filter>Events</Filter>
    </ClCompile>
    <ClCompile Include="Events\EventSystem.cpp">
      <Filter>Events</Filter>
    </ClCompile>
    <ClCompile Include="Events\EventUtils.cpp">
      <Filter>Events</Filter>
    </ClCompile>
    <ClCompile Include="Math\AABB2.cpp">
      <Filter>Math</Filter>
    </ClCompile>
    <ClCompile Include="Math\IntVec2.cpp">
      <Filter>Math</Filter>
    </ClCompile>
    <ClCompile Include="Math\Mat44.cpp">
      <Filter>Math</Filter>
    </ClCompile>
    <ClCompile Include="Math\MathUtils.cpp">
      <Filter>Math</Filter>
    </ClCompile>
    <ClCompile Include="Math\Vec2.cpp">
      <Filter>Math</Filter>
    </ClCompile>
    <ClCompile Include="Math\Vec3.cpp">
      <Filter>Math</Filter>
    </ClCompile>
    <ClCompile Include="Input\InputSystem.cpp">
      <Filter>Input</Filter>
    </ClCompile>
    <ClCompile Include="Input\InputUtils.cpp">
      <Filter>Input</Filter>
    </ClCompile>
    <ClCompile Include="Input\KeyButtonState.cpp">
      <Filter>Input</Filter>
    </ClCompile>
    <ClCompile Include="..\ThirdParty\tinyxml2\tinyxml2.cpp">
      <Filter>ThirdParty\tinyxml</Filter>
    </ClCompile>
    <ClCompile Include="Debug\DevConsole.cpp">
      <Filter>Debug</Filter>
    </ClCompile>
    <ClCompile Include="Math\Noise.cpp">
      <Filter>Math</Filter>
    </ClCompile>
    <ClCompile Include="Debug\DebugDrawUtils.cpp">
      <Filter>Debug</Filter>
    </ClCompile>
    <ClCompile Include="Debug\DevConsoleCommandHistory.cpp">
      <Filter>Debug</Filter>
    </ClCompile>
    <ClCompile Include="Debug\DevConsoleInput.cpp">
      <Filter>Debug</Filter>
    </ClCompile>
    <ClCompile Include="Debug\DevConsoleLine.cpp">
      <Filter>Debug</Filter>
    </ClCompile>
    <ClCompile Include="Debug\DevConsoleLog.cpp">
      <Filter>Debug</Filter>
    </ClCompile>
    <ClCompile Include="Multithreading\JobDependencies.cpp">
      <Filter>Multithreading</Filter>
    </ClCompile>
    <ClCompile Include="ECS\GroupIter.cpp">
      <Filter>ECS</Filter>
    </ClCompile>
    <ClCompile Include="ECS\AdminSystem.cpp">
      <Filter>ECS</Filter>
    </ClCompile>
    <ClCompile Include="DataStructures\BitArray.cpp">
      <Filter>DataStructures</Filter>
    </ClCompile>
    <ClCompile Include="ECS\EntityID.cpp">
      <Filter>ECS</Filter>
    </ClCompile>
    <ClCompile Include="Math\GeometryUtils.cpp">
      <Filter>Math</Filter>
    </ClCompile>
    <ClCompile Include="ECS\Config.cpp">
      <Filter>ECS</Filter>
    </ClCompile>
    <ClCompile Include="ECS\Component.cpp">
      <Filter>ECS</Filter>
    </ClCompile>
    <ClCompile Include="ECS\ComponentStorage.cpp">
      <Filter>ECS</Filter>
    </ClCompile>
    <ClCompile Include="Math\Plane2.cpp">
      <Filter>Math</Filter>
    </ClCompile>
    <ClCompile Include="Math\StatisticsUtils.cpp">
      <Filter>Math</Filter>
    </ClCompile>
    <ClCompile Include="ECS\System.cpp">
      <Filter>ECS</Filter>
    </ClCompile>
    <ClCompile Include="ECS\SystemContext.cpp">
      <Filter>ECS</Filter>
    </ClCompile>
    <ClCompile Include="ECS\SystemScheduler.cpp">
      <Filter>ECS</Filter>
    </ClCompile>
    <ClCompile Include="ECS\SystemSubgraph.cpp">
      <Filter>ECS</Filter>
    </ClCompile>
    <ClCompile Include="Math\RandomNumberGenerator.cpp">
      <Filter>Math</Filter>
    </ClCompile>
    <ClCompile Include="Core\XmlUtils.cpp">
      <Filter>Core</Filter>
    </ClCompile>
    <ClCompile Include="Renderer\WindowRenderContext.cpp">
      <Filter>Renderer</Filter>
    </ClCompile>
    <ClCompile Include="Debug\DevConsoleCommandInfo.cpp">
      <Filter>Debug</Filter>
    </ClCompile>
    <ClCompile Include="Performance\ScopedTimer.cpp">
      <Filter>Performance</Filter>
    </ClCompile>
    <ClCompile Include="Core\BinaryUtils.cpp">
      <Filter>Core</Filter>
    </ClCompile>
    <ClCompile Include="Multithreading\PerformanceDebugWindow.cpp">
      <Filter>Performance</Filter>
    </ClCompile>
  </ItemGroup>
  <ItemGroup>
    <ClInclude Include="Multithreading\Job.h">
      <Filter>Multithreading</Filter>
    </ClInclude>
    <ClInclude Include="Multithreading\JobGraph.h">
      <Filter>Multithreading</Filter>
    </ClInclude>
    <ClInclude Include="Multithreading\JobID.h">
      <Filter>Multithreading</Filter>
    </ClInclude>
    <ClInclude Include="Multithreading\JobSystem.h">
      <Filter>Multithreading</Filter>
    </ClInclude>
    <ClInclude Include="Multithreading\JobWorker.h">
      <Filter>Multithreading</Filter>
    </ClInclude>
    <ClInclude Include="Core\Engine.h">
      <Filter>Core</Filter>
    </ClInclude>
    <ClInclude Include="Core\EngineCommon.h">
      <Filter>Core</Filter>
    </ClInclude>
    <ClInclude Include="Core\EngineSubsystem.h">
      <Filter>Core</Filter>
    </ClInclude>
    <ClInclude Include="Core\ErrorUtils.h">
      <Filter>Core</Filter>
    </ClInclude>
    <ClInclude Include="Core\Image.h">
      <Filter>Core</Filter>
    </ClInclude>
    <ClInclude Include="Core\StringUtils.h">
      <Filter>Core</Filter>
    </ClInclude>
    <ClInclude Include="Core\Time.h">
      <Filter>Core</Filter>
    </ClInclude>
    <ClInclude Include="Core\XmlUtils.h">
      <Filter>Core</Filter>
    </ClInclude>
    <ClInclude Include="Renderer\Camera.h">
      <Filter>Renderer</Filter>
    </ClInclude>
    <ClInclude Include="Renderer\ConstantBuffer.h">
      <Filter>Renderer</Filter>
    </ClInclude>
    <ClInclude Include="Renderer\D3D11Utils.h">
      <Filter>Renderer</Filter>
    </ClInclude>
    <ClInclude Include="Renderer\DefaultShaderSource.h">
      <Filter>Renderer</Filter>
    </ClInclude>
    <ClInclude Include="Renderer\EngineConstantBuffers.h">
      <Filter>Renderer</Filter>
    </ClInclude>
    <ClInclude Include="Renderer\Font.h">
      <Filter>Renderer</Filter>
    </ClInclude>
    <ClInclude Include="Renderer\FontShaderSource.h">
      <Filter>Renderer</Filter>
    </ClInclude>
    <ClInclude Include="Renderer\Renderer.h">
      <Filter>Renderer</Filter>
    </ClInclude>
    <ClInclude Include="Renderer\RendererInternal.h">
      <Filter>Renderer</Filter>
    </ClInclude>
    <ClInclude Include="Renderer\RendererSettings.h">
      <Filter>Renderer</Filter>
    </ClInclude>
    <ClInclude Include="Renderer\Rgba8.h">
      <Filter>Renderer</Filter>
    </ClInclude>
    <ClInclude Include="Renderer\Shader.h">
      <Filter>Renderer</Filter>
    </ClInclude>
    <ClInclude Include="Renderer\Texture.h">
      <Filter>Renderer</Filter>
    </ClInclude>
    <ClInclude Include="Renderer\Vertex_PCU.h">
      <Filter>Renderer</Filter>
    </ClInclude>
    <ClInclude Include="Renderer\VertexBuffer.h">
      <Filter>Renderer</Filter>
    </ClInclude>
    <ClInclude Include="Renderer\VertexUtils.h">
      <Filter>Renderer</Filter>
    </ClInclude>
    <ClInclude Include="Renderer\Window.h">
      <Filter>Renderer</Filter>
    </ClInclude>
    <ClInclude Include="DataStructures\NamedProperties.h">
      <Filter>DataStructures</Filter>
    </ClInclude>
    <ClInclude Include="DataStructures\ThreadSafeQueue.h">
      <Filter>DataStructures</Filter>
    </ClInclude>
    <ClInclude Include="Events\EventDelegate.h">
      <Filter>Events</Filter>
    </ClInclude>
    <ClInclude Include="Events\EventSubscriber.h">
      <Filter>Events</Filter>
    </ClInclude>
    <ClInclude Include="Events\EventSystem.h">
      <Filter>Events</Filter>
    </ClInclude>
    <ClInclude Include="Events\EventUtils.h">
      <Filter>Events</Filter>
    </ClInclude>
    <ClInclude Include="Math\AABB2.h">
      <Filter>Math</Filter>
    </ClInclude>
    <ClInclude Include="Math\IntVec2.h">
      <Filter>Math</Filter>
    </ClInclude>
    <ClInclude Include="Math\Mat44.h">
      <Filter>Math</Filter>
    </ClInclude>
    <ClInclude Include="Math\MathUtils.h">
      <Filter>Math</Filter>
    </ClInclude>
    <ClInclude Include="Math\Vec2.h">
      <Filter>Math</Filter>
    </ClInclude>
    <ClInclude Include="Math\Vec3.h">
      <Filter>Math</Filter>
    </ClInclude>
    <ClInclude Include="Input\InputSystem.h">
      <Filter>Input</Filter>
    </ClInclude>
    <ClInclude Include="Input\InputUtils.h">
      <Filter>Input</Filter>
    </ClInclude>
    <ClInclude Include="..\ThirdParty\tinyxml2\tinyxml2.h">
      <Filter>ThirdParty\tinyxml</Filter>
    </ClInclude>
    <ClInclude Include="..\ThirdParty\stb\stb_image.h">
      <Filter>ThirdParty\stb</Filter>
    </ClInclude>
    <ClInclude Include="Math\Grid.h">
      <Filter>Math</Filter>
    </ClInclude>
    <ClInclude Include="Debug\DevConsole.h">
      <Filter>Debug</Filter>
    </ClInclude>
    <ClInclude Include="Math\Noise.h">
      <Filter>Math</Filter>
    </ClInclude>
    <ClInclude Include="Debug\DebugDrawUtils.h">
      <Filter>Debug</Filter>
    </ClInclude>
    <ClInclude Include="Debug\DevConsoleCommandHistory.h">
      <Filter>Debug</Filter>
    </ClInclude>
    <ClInclude Include="Debug\DevConsoleInput.h">
      <Filter>Debug</Filter>
    </ClInclude>
    <ClInclude Include="Debug\DevConsoleLine.h">
      <Filter>Debug</Filter>
    </ClInclude>
    <ClInclude Include="Debug\DevConsoleLog.h">
      <Filter>Debug</Filter>
    </ClInclude>
    <ClInclude Include="Multithreading\JobDependencies.h">
      <Filter>Multithreading</Filter>
    </ClInclude>
    <ClInclude Include="ECS\GroupIter.h">
      <Filter>ECS</Filter>
    </ClInclude>
    <ClInclude Include="ECS\AdminSystem.h">
      <Filter>ECS</Filter>
    </ClInclude>
    <ClInclude Include="DataStructures\BitArray.h">
      <Filter>DataStructures</Filter>
    </ClInclude>
    <ClInclude Include="ECS\EntityID.h">
      <Filter>ECS</Filter>
    </ClInclude>
    <ClInclude Include="Math\GeometryUtils.h">
      <Filter>Math</Filter>
    </ClInclude>
    <ClInclude Include="ECS\Config.h">
      <Filter>ECS</Filter>
    </ClInclude>
    <ClInclude Include="ECS\Component.h">
      <Filter>ECS</Filter>
    </ClInclude>
    <ClInclude Include="ECS\ComponentStorage.h">
      <Filter>ECS</Filter>
    </ClInclude>
    <ClInclude Include="Input\KeyButtonState.h">
      <Filter>Input</Filter>
    </ClInclude>
    <ClInclude Include="Math\Constants.h">
      <Filter>Math</Filter>
    </ClInclude>
    <ClInclude Include="Math\Plane2.h">
      <Filter>Math</Filter>
    </ClInclude>
    <ClInclude Include="Math\StatisticsUtils.h">
      <Filter>Math</Filter>
    </ClInclude>
    <ClInclude Include="ECS\SystemSubgraph.h">
      <Filter>ECS</Filter>
    </ClInclude>
    <ClInclude Include="ECS\System.h">
      <Filter>ECS</Filter>
    </ClInclude>
    <ClInclude Include="ECS\SystemContext.h">
      <Filter>ECS</Filter>
    </ClInclude>
    <ClInclude Include="ECS\SystemScheduler.h">
      <Filter>ECS</Filter>
    </ClInclude>
    <ClInclude Include="Math\RandomNumberGenerator.h">
      <Filter>Math</Filter>
    </ClInclude>
    <ClInclude Include="Renderer\WindowRenderContext.h">
      <Filter>Renderer</Filter>
    </ClInclude>
    <ClInclude Include="Debug\DevConsoleCommandInfo.h">
      <Filter>Debug</Filter>
    </ClInclude>
    <ClInclude Include="Performance\ScopedTimer.h">
      <Filter>Performance</Filter>
    </ClInclude>
    <ClInclude Include="Math\FastGrid.h">
      <Filter>Math</Filter>
    </ClInclude>
    <ClInclude Include="Core\BinaryUtils.h">
      <Filter>Core</Filter>
    </ClInclude>
    <ClInclude Include="Core\FileUtils.h">
      <Filter>Core</Filter>
    </ClInclude>
    <ClInclude Include="Multithreading\PerformanceDebugWindow.h">
      <Filter>Performance</Filter>
    </ClInclude>
  </ItemGroup>
  <ItemGroup>
    <Filter Include="Multithreading">
      <UniqueIdentifier>{6c2a1c3d-2182-40f3-b0d9-bd17c52d186d}</UniqueIdentifier>
    </Filter>
    <Filter Include="Core">
      <UniqueIdentifier>{76eb5966-a335-4f5e-b3a7-4b0575020d9d}</UniqueIdentifier>
    </Filter>
    <Filter Include="Renderer">
      <UniqueIdentifier>{883d7d1a-bcb0-41e9-a2b4-48e33e31e610}</UniqueIdentifier>
    </Filter>
    <Filter Include="DataStructures">
      <UniqueIdentifier>{8f900e73-baf2-4bfb-88de-9fc887668513}</UniqueIdentifier>
    </Filter>
    <Filter Include="Events">
      <UniqueIdentifier>{fe394d7a-39af-4a1f-8b11-c89002714b53}</UniqueIdentifier>
    </Filter>
    <Filter Include="Math">
      <UniqueIdentifier>{92cf47ec-7243-4b13-bd65-ee8691af17a5}</UniqueIdentifier>
    </Filter>
    <Filter Include="Input">
      <UniqueIdentifier>{95f7b6d2-5fd7-4602-911b-f1dbca134d6b}</UniqueIdentifier>
    </Filter>
    <Filter Include="ThirdParty">
      <UniqueIdentifier>{ebfb071c-4fa3-469b-9332-bcc1598129bf}</UniqueIdentifier>
    </Filter>
    <Filter Include="ThirdParty\tinyxml">
      <UniqueIdentifier>{258fdf2d-efbf-41ab-bb1f-12e8266bfcf1}</UniqueIdentifier>
    </Filter>
    <Filter Include="ThirdParty\stb">
      <UniqueIdentifier>{6603f47e-3092-4d2a-8532-04b8b13063d0}</UniqueIdentifier>
    </Filter>
    <Filter Include="Debug">
      <UniqueIdentifier>{eeef522a-392d-403f-9b30-389d4b7ffc63}</UniqueIdentifier>
    </Filter>
    <Filter Include="ECS">
      <UniqueIdentifier>{76ab0b3c-d83a-44c1-9711-d4957db81c90}</UniqueIdentifier>
    </Filter>
    <Filter Include="Performance">
      <UniqueIdentifier>{d08b2afe-9022-4777-80cd-423aad5f2a4a}</UniqueIdentifier>
    </Filter>
  </ItemGroup>
</Project>