<?xml version="1.0" encoding="utf-8"?>
<Project ToolsVersion="4.0" xmlns="http://schemas.microsoft.com/developer/msbuild/2003">
  <ItemGroup>
    <ClCompile Include="Framework\pch.cpp" />
    <ClCompile Include="Tests\Math\TestVec2.cpp">
      <Filter>Tests\Math</Filter>
    </ClCompile>
    <ClCompile Include="Tests\Math\TestVec3.cpp">
      <Filter>Tests\Math</Filter>
    </ClCompile>
    <ClCompile Include="Tests\Core\TestBinaryUtils.cpp">
      <Filter>Tests\Core</Filter>
    </ClCompile>
    <ClCompile Include="Tests\Core\TestName.cpp">
      <Filter>Tests\Core</Filter>
    </ClCompile>
    <ClCompile Include="Tests\Core\TestStringUtils.cpp">
      <Filter>Tests\Core</Filter>
    </ClCompile>
    <ClCompile Include="Tests\DataStructures\TestThreadSafeQueue.cpp">
      <Filter>Tests\DataStructures</Filter>
    </ClCompile>
    <ClCompile Include="Tests\DataStructures\TestBitArray.cpp">
      <Filter>Tests\DataStructures</Filter>
    </ClCompile>
    <ClCompile Include="Tests\DataStructures\TestNamedProperties.cpp">
      <Filter>Tests\DataStructures</Filter>
    </ClCompile>
    <ClCompile Include="Tests\Events\TestEvents.cpp">
      <Filter>Tests\Events</Filter>
    </ClCompile>
    <ClCompile Include="Tests\Time\TestClock.cpp">
      <Filter>Tests\Time</Filter>
    </ClCompile>
    <ClCompile Include="Tests\Math\TestAABB2.cpp">
      <Filter>Tests\Math</Filter>
    </ClCompile>
    <ClCompile Include="Tests\TestTemplate.cpp">
      <Filter>Tests</Filter>
    </ClCompile>
    <ClCompile Include="Tests\Math\TestGeometryUtils.cpp">
      <Filter>Tests\Math</Filter>
    </ClCompile>
    <ClCompile Include="Tests\Math\TestIntVec2.cpp">
      <Filter>Tests\Math</Filter>
    </ClCompile>
    <ClCompile Include="Tests\Math\TestMat44.cpp">
      <Filter>Tests\Math</Filter>
    </ClCompile>
    <ClCompile Include="Tests\Math\TestMathUtils.cpp">
      <Filter>Tests\Math</Filter>
    </ClCompile>
    <ClCompile Include="Tests\Math\TestNoise.cpp">
      <Filter>Tests\Math</Filter>
    </ClCompile>
    <ClCompile Include="Tests\Math\TestPlane2.cpp">
      <Filter>Tests\Math</Filter>
    </ClCompile>
    <ClCompile Include="Tests\Math\TestRNG.cpp">
      <Filter>Tests\Math</Filter>
    </ClCompile>
    <ClCompile Include="Tests\Math\TestStatsUtils.cpp">
      <Filter>Tests\Math</Filter>
    </ClCompile>
    <ClCompile Include="Tests\Time\TestTimer.cpp" />
  </ItemGroup>
  <ItemGroup>
    <ClInclude Include="Framework\pch.h" />
  </ItemGroup>
  <ItemGroup>
    <None Include="packages.config" />
  </ItemGroup>
  <ItemGroup>
    <Filter Include="Tests">
      <UniqueIdentifier>{5799753e-7729-417e-8e30-4e0d1486e3c5}</UniqueIdentifier>
    </Filter>
    <Filter Include="Tests\Math">
      <UniqueIdentifier>{bf3d5f7c-70ec-440c-8c34-f29ae5b78c2a}</UniqueIdentifier>
    </Filter>
    <Filter Include="Tests\Core">
      <UniqueIdentifier>{ff9b3087-b33f-4682-849e-84956c49a42d}</UniqueIdentifier>
    </Filter>
    <Filter Include="Tests\DataStructures">
      <UniqueIdentifier>{cd0d216d-5a06-47ca-a4d6-10118c8a4eb7}</UniqueIdentifier>
    </Filter>
    <Filter Include="Tests\Events">
      <UniqueIdentifier>{49b4aafa-b678-4fe1-b250-52cc40dbfbc3}</UniqueIdentifier>
    </Filter>
    <Filter Include="Tests\Time">
      <UniqueIdentifier>{6d8f395d-dcde-4565-a822-9cb3483eeff5}</UniqueIdentifier>
    </Filter>
  </ItemGroup>
</Project>